
Microsoft Visual Studio Solution File, Format Version 12.00
# Visual Studio Version 17
VisualStudioVersion = 17.4.33213.308
MinimumVisualStudioVersion = 10.0.40219.1
Project("{FAE04EC0-301F-11D3-BF4B-00C04F79EFBC}") = "Deliverable (2)", "Deliverable (2).csproj", "{FFEF41CB-B37E-46BD-8BD9-C595EF0B969B}"
EndProject
Global
	GlobalSection(SolutionConfigurationPlatforms) = preSolution
		Debug|Any CPU = Debug|Any CPU
		Release|Any CPU = Release|Any CPU
	EndGlobalSection
	GlobalSection(ProjectConfigurationPlatforms) = postSolution
		{FFEF41CB-B37E-46BD-8BD9-C595EF0B969B}.Debug|Any CPU.ActiveCfg = Debug|Any CPU
		{FFEF41CB-B37E-46BD-8BD9-C595EF0B969B}.Debug|Any CPU.Build.0 = Debug|Any CPU
		{FFEF41CB-B37E-46BD-8BD9-C595EF0B969B}.Release|Any CPU.ActiveCfg = Release|Any CPU
		{FFEF41CB-B37E-46BD-8BD9-C595EF0B969B}.Release|Any CPU.Build.0 = Release|Any CPU
	EndGlobalSection
	GlobalSection(SolutionProperties) = preSolution
		HideSolutionNode = FALSE
	EndGlobalSection
	GlobalSection(ExtensibilityGlobals) = postSolution
		SolutionGuid = {FB32D056-F6F4-4F33-A15D-BDD834143C3D}
	EndGlobalSection
EndGlobal
